
Microsoft Visual Studio Solution File, Format Version 12.00
# Visual Studio Version 16
VisualStudioVersion = 16.0.28803.202
MinimumVisualStudioVersion = 10.0.40219.1
Project("{FAE04EC0-301F-11D3-BF4B-00C04F79EFBC}") = "HW5", "HW5\HW5.csproj", "{2B75D935-13A1-497A-A240-1E8F16ED4410}"
EndProject
Global
	GlobalSection(SolutionConfigurationPlatforms) = preSolution
		Debug|Any CPU = Debug|Any CPU
		Release|Any CPU = Release|Any CPU
	EndGlobalSection
	GlobalSection(ProjectConfigurationPlatforms) = postSolution
		{2B75D935-13A1-497A-A240-1E8F16ED4410}.Debug|Any CPU.ActiveCfg = Debug|Any CPU
		{2B75D935-13A1-497A-A240-1E8F16ED4410}.Debug|Any CPU.Build.0 = Debug|Any CPU
		{2B75D935-13A1-497A-A240-1E8F16ED4410}.Release|Any CPU.ActiveCfg = Release|Any CPU
		{2B75D935-13A1-497A-A240-1E8F16ED4410}.Release|Any CPU.Build.0 = Release|Any CPU
	EndGlobalSection
	GlobalSection(SolutionProperties) = preSolution
		HideSolutionNode = FALSE
	EndGlobalSection
	GlobalSection(ExtensibilityGlobals) = postSolution
		SolutionGuid = {AA87FFEA-887C-4C32-8296-6FCE847E026B}
	EndGlobalSection
EndGlobal
